# This file is autogenerated, do not edit; changes may be undone by the next 'dep ensure'.


[[projects]]
  branch = "master"
  name = "github.com/araddon/dateparse"
  packages = ["."]
  revision = "c9a50ad15ed95a301129d74b25ede60000713c8d"

[solve-meta]
  analyzer-name = "dep"
  analyzer-version = 1
  inputs-digest = "14a99535f90d2cbae520ebdf8bd4afb79bebe6683bb085a10a636d14f16ed377"
  solver-name = "gps-cdcl"
  solver-version = 1
